
Microsoft Visual Studio Solution File, Format Version 12.00
# Visual Studio Version 17
VisualStudioVersion = 17.13.35818.85 d17.13
MinimumVisualStudioVersion = 10.0.40219.1
Project("{FAE04EC0-301F-11D3-BF4B-00C04F79EFBC}") = "WpfApp1", "WpfApp1.csproj", "{9ECA6D62-A470-4BCB-8C0C-B01C0A3F753F}"
EndProject
Global
	GlobalSection(SolutionConfigurationPlatforms) = preSolution
		Debug|Any CPU = Debug|Any CPU
		Release|Any CPU = Release|Any CPU
	EndGlobalSection
	GlobalSection(ProjectConfigurationPlatforms) = postSolution
		{9ECA6D62-A470-4BCB-8C0C-B01C0A3F753F}.Debug|Any CPU.ActiveCfg = Debug|Any CPU
		{9ECA6D62-A470-4BCB-8C0C-B01C0A3F753F}.Debug|Any CPU.Build.0 = Debug|Any CPU
		{9ECA6D62-A470-4BCB-8C0C-B01C0A3F753F}.Release|Any CPU.ActiveCfg = Release|Any CPU
		{9ECA6D62-A470-4BCB-8C0C-B01C0A3F753F}.Release|Any CPU.Build.0 = Release|Any CPU
	EndGlobalSection
	GlobalSection(SolutionProperties) = preSolution
		HideSolutionNode = FALSE
	EndGlobalSection
	GlobalSection(ExtensibilityGlobals) = postSolution
		SolutionGuid = {0C86D77F-56FF-4952-98A2-1E5540B61A7A}
	EndGlobalSection
EndGlobal
